
Microsoft Visual Studio Solution File, Format Version 12.00
# Visual Studio Version 16
VisualStudioVersion = 16.0.31624.102
MinimumVisualStudioVersion = 10.0.40219.1
Project("{FAE04EC0-301F-11D3-BF4B-00C04F79EFBC}") = "MailQrHash", "MailQrHash\MailQrHash.csproj", "{74D97D8C-6A2C-474E-A79F-B4E9237AA94C}"
EndProject
Global
	GlobalSection(SolutionConfigurationPlatforms) = preSolution
		Debug|Any CPU = Debug|Any CPU
		Release|Any CPU = Release|Any CPU
	EndGlobalSection
	GlobalSection(ProjectConfigurationPlatforms) = postSolution
		{74D97D8C-6A2C-474E-A79F-B4E9237AA94C}.Debug|Any CPU.ActiveCfg = Debug|Any CPU
		{74D97D8C-6A2C-474E-A79F-B4E9237AA94C}.Debug|Any CPU.Build.0 = Debug|Any CPU
		{74D97D8C-6A2C-474E-A79F-B4E9237AA94C}.Release|Any CPU.ActiveCfg = Release|Any CPU
		{74D97D8C-6A2C-474E-A79F-B4E9237AA94C}.Release|Any CPU.Build.0 = Release|Any CPU
	EndGlobalSection
	GlobalSection(SolutionProperties) = preSolution
		HideSolutionNode = FALSE
	EndGlobalSection
	GlobalSection(ExtensibilityGlobals) = postSolution
		SolutionGuid = {ECC7531C-FA72-47A3-A511-73E3A3A425BD}
	EndGlobalSection
EndGlobal
